
Microsoft Visual Studio Solution File, Format Version 12.00
# Visual Studio 15
VisualStudioVersion = 15.0.27703.2000
MinimumVisualStudioVersion = 10.0.40219.1
Project("{9A19103F-16F7-4668-BE54-9A1E7A4F7556}") = "DirectoryBackupService.S3", "DirectoryBackupService.S3\DirectoryBackupService.S3.csproj", "{5BA4C514-C3AF-4119-8384-167D2CA3A377}"
EndProject
Project("{9A19103F-16F7-4668-BE54-9A1E7A4F7556}") = "DirectoryBackupService.Shared", "DirectoryBackupService.Shared\DirectoryBackupService.Shared.csproj", "{DBA5D9DC-674C-4720-A1B6-5FD889963EE7}"
EndProject
Project("{2150E333-8FDC-42A3-9474-1A3956D46DE8}") = "Solution Items", "Solution Items", "{B3ADC8DF-9C26-45CF-ABD7-6311E3D92BE6}"
	ProjectSection(SolutionItems) = preProject
		.gitignore = .gitignore
	EndProjectSection
EndProject
Global
	GlobalSection(SolutionConfigurationPlatforms) = preSolution
		Debug|Any CPU = Debug|Any CPU
		Release|Any CPU = Release|Any CPU
	EndGlobalSection
	GlobalSection(ProjectConfigurationPlatforms) = postSolution
		{5BA4C514-C3AF-4119-8384-167D2CA3A377}.Debug|Any CPU.ActiveCfg = Debug|Any CPU
		{5BA4C514-C3AF-4119-8384-167D2CA3A377}.Debug|Any CPU.Build.0 = Debug|Any CPU
		{5BA4C514-C3AF-4119-8384-167D2CA3A377}.Release|Any CPU.ActiveCfg = Release|Any CPU
		{5BA4C514-C3AF-4119-8384-167D2CA3A377}.Release|Any CPU.Build.0 = Release|Any CPU
		{DBA5D9DC-674C-4720-A1B6-5FD889963EE7}.Debug|Any CPU.ActiveCfg = Debug|Any CPU
		{DBA5D9DC-674C-4720-A1B6-5FD889963EE7}.Debug|Any CPU.Build.0 = Debug|Any CPU
		{DBA5D9DC-674C-4720-A1B6-5FD889963EE7}.Release|Any CPU.ActiveCfg = Release|Any CPU
		{DBA5D9DC-674C-4720-A1B6-5FD889963EE7}.Release|Any CPU.Build.0 = Release|Any CPU
	EndGlobalSection
	GlobalSection(SolutionProperties) = preSolution
		HideSolutionNode = FALSE
	EndGlobalSection
	GlobalSection(ExtensibilityGlobals) = postSolution
		SolutionGuid = {0279053E-F645-4218-BE0C-13E30112E9DE}
	EndGlobalSection
EndGlobal
